
Microsoft Visual Studio Solution File, Format Version 12.00
# Visual Studio Version 16
VisualStudioVersion = 16.0.31515.178
MinimumVisualStudioVersion = 10.0.40219.1
Project("{9A19103F-16F7-4668-BE54-9A1E7A4F7556}") = "CompanyWebApplication", "CompanyWebApplication\CompanyWebApplication.csproj", "{79A683D9-F5D0-46A4-9D5B-82F4C3E9FD40}"
EndProject
Project("{9A19103F-16F7-4668-BE54-9A1E7A4F7556}") = "CompanyWebApplication.Domain", "CompanyWebApplication.Domain\CompanyWebApplication.Domain.csproj", "{0F28A5F5-9497-4C89-A90B-9D5CA48537FF}"
EndProject
Project("{9A19103F-16F7-4668-BE54-9A1E7A4F7556}") = "CompanyWebApplication.DataAccess", "CompanyWebApplication.DataAccess\CompanyWebApplication.DataAccess.csproj", "{34E22681-41BD-48F8-A6D3-EBD51284A833}"
EndProject
Project("{FAE04EC0-301F-11D3-BF4B-00C04F79EFBC}") = "CompanyWebApplication.Shared", "CompanyWebApplication.Shared\CompanyWebApplication.Shared.csproj", "{8786E8F9-5382-4993-B8FC-C47D7C50C880}"
EndProject
Project("{FAE04EC0-301F-11D3-BF4B-00C04F79EFBC}") = "CompanyWebApplication.Helpers", "CompanyWebApplication.Helpers\CompanyWebApplication.Helpers.csproj", "{EF2ACE7D-0941-44B2-A382-F6A1FFB98940}"
EndProject
Project("{FAE04EC0-301F-11D3-BF4B-00C04F79EFBC}") = "CompanyWebApplication.Services", "CompanyWebApplication.Services\CompanyWebApplication.Services.csproj", "{1DF3E994-3A1E-4EB0-B756-8D93A3C5AF79}"
EndProject
Project("{FAE04EC0-301F-11D3-BF4B-00C04F79EFBC}") = "CompanyWebApplication.Dto", "CompanyWebApplication.Dto\CompanyWebApplication.Dto.csproj", "{84B7BDA9-2C85-4505-96E5-D050A48EEB58}"
EndProject
Project("{FAE04EC0-301F-11D3-BF4B-00C04F79EFBC}") = "CompanyWebApplication.Mappers", "CompanyWebApplication.Mappers\CompanyWebApplication.Mappers.csproj", "{8462ECF0-F03B-4A2E-8FA2-7315F388B785}"
EndProject
Project("{FAE04EC0-301F-11D3-BF4B-00C04F79EFBC}") = "CompanyWebApplication.Tests", "CompanyWebApplication.Tests\CompanyWebApplication.Tests.csproj", "{E6332F95-9E2F-481F-B759-7A96A3237420}"
EndProject
Global
	GlobalSection(SolutionConfigurationPlatforms) = preSolution
		Debug|Any CPU = Debug|Any CPU
		Debug|ARM = Debug|ARM
		Debug|ARM64 = Debug|ARM64
		Debug|x64 = Debug|x64
		Debug|x86 = Debug|x86
		Release|Any CPU = Release|Any CPU
		Release|ARM = Release|ARM
		Release|ARM64 = Release|ARM64
		Release|x64 = Release|x64
		Release|x86 = Release|x86
	EndGlobalSection
	GlobalSection(ProjectConfigurationPlatforms) = postSolution
		{79A683D9-F5D0-46A4-9D5B-82F4C3E9FD40}.Debug|Any CPU.ActiveCfg = Debug|Any CPU
		{79A683D9-F5D0-46A4-9D5B-82F4C3E9FD40}.Debug|Any CPU.Build.0 = Debug|Any CPU
		{79A683D9-F5D0-46A4-9D5B-82F4C3E9FD40}.Debug|ARM.ActiveCfg = Debug|Any CPU
		{79A683D9-F5D0-46A4-9D5B-82F4C3E9FD40}.Debug|ARM.Build.0 = Debug|Any CPU
		{79A683D9-F5D0-46A4-9D5B-82F4C3E9FD40}.Debug|ARM64.ActiveCfg = Debug|Any CPU
		{79A683D9-F5D0-46A4-9D5B-82F4C3E9FD40}.Debug|ARM64.Build.0 = Debug|Any CPU
		{79A683D9-F5D0-46A4-9D5B-82F4C3E9FD40}.Debug|x64.ActiveCfg = Debug|Any CPU
		{79A683D9-F5D0-46A4-9D5B-82F4C3E9FD40}.Debug|x64.Build.0 = Debug|Any CPU
		{79A683D9-F5D0-46A4-9D5B-82F4C3E9FD40}.Debug|x86.ActiveCfg = Debug|Any CPU
		{79A683D9-F5D0-46A4-9D5B-82F4C3E9FD40}.Debug|x86.Build.0 = Debug|Any CPU
		{79A683D9-F5D0-46A4-9D5B-82F4C3E9FD40}.Release|Any CPU.ActiveCfg = Release|Any CPU
		{79A683D9-F5D0-46A4-9D5B-82F4C3E9FD40}.Release|Any CPU.Build.0 = Release|Any CPU
		{79A683D9-F5D0-46A4-9D5B-82F4C3E9FD40}.Release|ARM.ActiveCfg = Release|Any CPU
		{79A683D9-F5D0-46A4-9D5B-82F4C3E9FD40}.Release|ARM.Build.0 = Release|Any CPU
		{79A683D9-F5D0-46A4-9D5B-82F4C3E9FD40}.Release|ARM64.ActiveCfg = Release|Any CPU
		{79A683D9-F5D0-46A4-9D5B-82F4C3E9FD40}.Release|ARM64.Build.0 = Release|Any CPU
		{79A683D9-F5D0-46A4-9D5B-82F4C3E9FD40}.Release|x64.ActiveCfg = Release|Any CPU
		{79A683D9-F5D0-46A4-9D5B-82F4C3E9FD40}.Release|x64.Build.0 = Release|Any CPU
		{79A683D9-F5D0-46A4-9D5B-82F4C3E9FD40}.Release|x86.ActiveCfg = Release|Any CPU
		{79A683D9-F5D0-46A4-9D5B-82F4C3E9FD40}.Release|x86.Build.0 = Release|Any CPU
		{0F28A5F5-9497-4C89-A90B-9D5CA48537FF}.Debug|Any CPU.ActiveCfg = Debug|Any CPU
		{0F28A5F5-9497-4C89-A90B-9D5CA48537FF}.Debug|Any CPU.Build.0 = Debug|Any CPU
		{0F28A5F5-9497-4C89-A90B-9D5CA48537FF}.Debug|ARM.ActiveCfg = Debug|Any CPU
		{0F28A5F5-9497-4C89-A90B-9D5CA48537FF}.Debug|ARM.Build.0 = Debug|Any CPU
		{0F28A5F5-9497-4C89-A90B-9D5CA48537FF}.Debug|ARM64.ActiveCfg = Debug|Any CPU
		{0F28A5F5-9497-4C89-A90B-9D5CA48537FF}.Debug|ARM64.Build.0 = Debug|Any CPU
		{0F28A5F5-9497-4C89-A90B-9D5CA48537FF}.Debug|x64.ActiveCfg = Debug|Any CPU
		{0F28A5F5-9497-4C89-A90B-9D5CA48537FF}.Debug|x64.Build.0 = Debug|Any CPU
		{0F28A5F5-9497-4C89-A90B-9D5CA48537FF}.Debug|x86.ActiveCfg = Debug|Any CPU
		{0F28A5F5-9497-4C89-A90B-9D5CA48537FF}.Debug|x86.Build.0 = Debug|Any CPU
		{0F28A5F5-9497-4C89-A90B-9D5CA48537FF}.Release|Any CPU.ActiveCfg = Release|Any CPU
		{0F28A5F5-9497-4C89-A90B-9D5CA48537FF}.Release|Any CPU.Build.0 = Release|Any CPU
		{0F28A5F5-9497-4C89-A90B-9D5CA48537FF}.Release|ARM.ActiveCfg = Release|Any CPU
		{0F28A5F5-9497-4C89-A90B-9D5CA48537FF}.Release|ARM.Build.0 = Release|Any CPU
		{0F28A5F5-9497-4C89-A90B-9D5CA48537FF}.Release|ARM64.ActiveCfg = Release|Any CPU
		{0F28A5F5-9497-4C89-A90B-9D5CA48537FF}.Release|ARM64.Build.0 = Release|Any CPU
		{0F28A5F5-9497-4C89-A90B-9D5CA48537FF}.Release|x64.ActiveCfg = Release|Any CPU
		{0F28A5F5-9497-4C89-A90B-9D5CA48537FF}.Release|x64.Build.0 = Release|Any CPU
		{0F28A5F5-9497-4C89-A90B-9D5CA48537FF}.Release|x86.ActiveCfg = Release|Any CPU
		{0F28A5F5-9497-4C89-A90B-9D5CA48537FF}.Release|x86.Build.0 = Release|Any CPU
		{34E22681-41BD-48F8-A6D3-EBD51284A833}.Debug|Any CPU.ActiveCfg = Debug|Any CPU
		{34E22681-41BD-48F8-A6D3-EBD51284A833}.Debug|Any CPU.Build.0 = Debug|Any CPU
		{34E22681-41BD-48F8-A6D3-EBD51284A833}.Debug|ARM.ActiveCfg = Debug|Any CPU
		{34E22681-41BD-48F8-A6D3-EBD51284A833}.Debug|ARM.Build.0 = Debug|Any CPU
		{34E22681-41BD-48F8-A6D3-EBD51284A833}.Debug|ARM64.ActiveCfg = Debug|Any CPU
		{34E22681-41BD-48F8-A6D3-EBD51284A833}.Debug|ARM64.Build.0 = Debug|Any CPU
		{34E22681-41BD-48F8-A6D3-EBD51284A833}.Debug|x64.ActiveCfg = Debug|Any CPU
		{34E22681-41BD-48F8-A6D3-EBD51284A833}.Debug|x64.Build.0 = Debug|Any CPU
		{34E22681-41BD-48F8-A6D3-EBD51284A833}.Debug|x86.ActiveCfg = Debug|Any CPU
		{34E22681-41BD-48F8-A6D3-EBD51284A833}.Debug|x86.Build.0 = Debug|Any CPU
		{34E22681-41BD-48F8-A6D3-EBD51284A833}.Release|Any CPU.ActiveCfg = Release|Any CPU
		{34E22681-41BD-48F8-A6D3-EBD51284A833}.Release|Any CPU.Build.0 = Release|Any CPU
		{34E22681-41BD-48F8-A6D3-EBD51284A833}.Release|ARM.ActiveCfg = Release|Any CPU
		{34E22681-41BD-48F8-A6D3-EBD51284A833}.Release|ARM.Build.0 = Release|Any CPU
		{34E22681-41BD-48F8-A6D3-EBD51284A833}.Release|ARM64.ActiveCfg = Release|Any CPU
		{34E22681-41BD-48F8-A6D3-EBD51284A833}.Release|ARM64.Build.0 = Release|Any CPU
		{34E22681-41BD-48F8-A6D3-EBD51284A833}.Release|x64.ActiveCfg = Release|Any CPU
		{34E22681-41BD-48F8-A6D3-EBD51284A833}.Release|x64.Build.0 = Release|Any CPU
		{34E22681-41BD-48F8-A6D3-EBD51284A833}.Release|x86.ActiveCfg = Release|Any CPU
		{34E22681-41BD-48F8-A6D3-EBD51284A833}.Release|x86.Build.0 = Release|Any CPU
		{8786E8F9-5382-4993-B8FC-C47D7C50C880}.Debug|Any CPU.ActiveCfg = Debug|Any CPU
		{8786E8F9-5382-4993-B8FC-C47D7C50C880}.Debug|Any CPU.Build.0 = Debug|Any CPU
		{8786E8F9-5382-4993-B8FC-C47D7C50C880}.Debug|ARM.ActiveCfg = Debug|Any CPU
		{8786E8F9-5382-4993-B8FC-C47D7C50C880}.Debug|ARM.Build.0 = Debug|Any CPU
		{8786E8F9-5382-4993-B8FC-C47D7C50C880}.Debug|ARM64.ActiveCfg = Debug|Any CPU
		{8786E8F9-5382-4993-B8FC-C47D7C50C880}.Debug|ARM64.Build.0 = Debug|Any CPU
		{8786E8F9-5382-4993-B8FC-C47D7C50C880}.Debug|x64.ActiveCfg = Debug|Any CPU
		{8786E8F9-5382-4993-B8FC-C47D7C50C880}.Debug|x64.Build.0 = Debug|Any CPU
		{8786E8F9-5382-4993-B8FC-C47D7C50C880}.Debug|x86.ActiveCfg = Debug|Any CPU
		{8786E8F9-5382-4993-B8FC-C47D7C50C880}.Debug|x86.Build.0 = Debug|Any CPU
		{8786E8F9-5382-4993-B8FC-C47D7C50C880}.Release|Any CPU.ActiveCfg = Release|Any CPU
		{8786E8F9-5382-4993-B8FC-C47D7C50C880}.Release|Any CPU.Build.0 = Release|Any CPU
		{8786E8F9-5382-4993-B8FC-C47D7C50C880}.Release|ARM.ActiveCfg = Release|Any CPU
		{8786E8F9-5382-4993-B8FC-C47D7C50C880}.Release|ARM.Build.0 = Release|Any CPU
		{8786E8F9-5382-4993-B8FC-C47D7C50C880}.Release|ARM64.ActiveCfg = Release|Any CPU
		{8786E8F9-5382-4993-B8FC-C47D7C50C880}.Release|ARM64.Build.0 = Release|Any CPU
		{8786E8F9-5382-4993-B8FC-C47D7C50C880}.Release|x64.ActiveCfg = Release|Any CPU
		{8786E8F9-5382-4993-B8FC-C47D7C50C880}.Release|x64.Build.0 = Release|Any CPU
		{8786E8F9-5382-4993-B8FC-C47D7C50C880}.Release|x86.ActiveCfg = Release|Any CPU
		{8786E8F9-5382-4993-B8FC-C47D7C50C880}.Release|x86.Build.0 = Release|Any CPU
		{EF2ACE7D-0941-44B2-A382-F6A1FFB98940}.Debug|Any CPU.ActiveCfg = Debug|Any CPU
		{EF2ACE7D-0941-44B2-A382-F6A1FFB98940}.Debug|Any CPU.Build.0 = Debug|Any CPU
		{EF2ACE7D-0941-44B2-A382-F6A1FFB98940}.Debug|ARM.ActiveCfg = Debug|Any CPU
		{EF2ACE7D-0941-44B2-A382-F6A1FFB98940}.Debug|ARM.Build.0 = Debug|Any CPU
		{EF2ACE7D-0941-44B2-A382-F6A1FFB98940}.Debug|ARM64.ActiveCfg = Debug|Any CPU
		{EF2ACE7D-0941-44B2-A382-F6A1FFB98940}.Debug|ARM64.Build.0 = Debug|Any CPU
		{EF2ACE7D-0941-44B2-A382-F6A1FFB98940}.Debug|x64.ActiveCfg = Debug|Any CPU
		{EF2ACE7D-0941-44B2-A382-F6A1FFB98940}.Debug|x64.Build.0 = Debug|Any CPU
		{EF2ACE7D-0941-44B2-A382-F6A1FFB98940}.Debug|x86.ActiveCfg = Debug|Any CPU
		{EF2ACE7D-0941-44B2-A382-F6A1FFB98940}.Debug|x86.Build.0 = Debug|Any CPU
		{EF2ACE7D-0941-44B2-A382-F6A1FFB98940}.Release|Any CPU.ActiveCfg = Release|Any CPU
		{EF2ACE7D-0941-44B2-A382-F6A1FFB98940}.Release|Any CPU.Build.0 = Release|Any CPU
		{EF2ACE7D-0941-44B2-A382-F6A1FFB98940}.Release|ARM.ActiveCfg = Release|Any CPU
		{EF2ACE7D-0941-44B2-A382-F6A1FFB98940}.Release|ARM.Build.0 = Release|Any CPU
		{EF2ACE7D-0941-44B2-A382-F6A1FFB98940}.Release|ARM64.ActiveCfg = Release|Any CPU
		{EF2ACE7D-0941-44B2-A382-F6A1FFB98940}.Release|ARM64.Build.0 = Release|Any CPU
		{EF2ACE7D-0941-44B2-A382-F6A1FFB98940}.Release|x64.ActiveCfg = Release|Any CPU
		{EF2ACE7D-0941-44B2-A382-F6A1FFB98940}.Release|x64.Build.0 = Release|Any CPU
		{EF2ACE7D-0941-44B2-A382-F6A1FFB98940}.Release|x86.ActiveCfg = Release|Any CPU
		{EF2ACE7D-0941-44B2-A382-F6A1FFB98940}.Release|x86.Build.0 = Release|Any CPU
		{1DF3E994-3A1E-4EB0-B756-8D93A3C5AF79}.Debug|Any CPU.ActiveCfg = Debug|Any CPU
		{1DF3E994-3A1E-4EB0-B756-8D93A3C5AF79}.Debug|Any CPU.Build.0 = Debug|Any CPU
		{1DF3E994-3A1E-4EB0-B756-8D93A3C5AF79}.Debug|ARM.ActiveCfg = Debug|Any CPU
		{1DF3E994-3A1E-4EB0-B756-8D93A3C5AF79}.Debug|ARM.Build.0 = Debug|Any CPU
		{1DF3E994-3A1E-4EB0-B756-8D93A3C5AF79}.Debug|ARM64.ActiveCfg = Debug|Any CPU
		{1DF3E994-3A1E-4EB0-B756-8D93A3C5AF79}.Debug|ARM64.Build.0 = Debug|Any CPU
		{1DF3E994-3A1E-4EB0-B756-8D93A3C5AF79}.Debug|x64.ActiveCfg = Debug|Any CPU
		{1DF3E994-3A1E-4EB0-B756-8D93A3C5AF79}.Debug|x64.Build.0 = Debug|Any CPU
		{1DF3E994-3A1E-4EB0-B756-8D93A3C5AF79}.Debug|x86.ActiveCfg = Debug|Any CPU
		{1DF3E994-3A1E-4EB0-B756-8D93A3C5AF79}.Debug|x86.Build.0 = Debug|Any CPU
		{1DF3E994-3A1E-4EB0-B756-8D93A3C5AF79}.Release|Any CPU.ActiveCfg = Release|Any CPU
		{1DF3E994-3A1E-4EB0-B756-8D93A3C5AF79}.Release|Any CPU.Build.0 = Release|Any CPU
		{1DF3E994-3A1E-4EB0-B756-8D93A3C5AF79}.Release|ARM.ActiveCfg = Release|Any CPU
		{1DF3E994-3A1E-4EB0-B756-8D93A3C5AF79}.Release|ARM.Build.0 = Release|Any CPU
		{1DF3E994-3A1E-4EB0-B756-8D93A3C5AF79}.Release|ARM64.ActiveCfg = Release|Any CPU
		{1DF3E994-3A1E-4EB0-B756-8D93A3C5AF79}.Release|ARM64.Build.0 = Release|Any CPU
		{1DF3E994-3A1E-4EB0-B756-8D93A3C5AF79}.Release|x64.ActiveCfg = Release|Any CPU
		{1DF3E994-3A1E-4EB0-B756-8D93A3C5AF79}.Release|x64.Build.0 = Release|Any CPU
		{1DF3E994-3A1E-4EB0-B756-8D93A3C5AF79}.Release|x86.ActiveCfg = Release|Any CPU
		{1DF3E994-3A1E-4EB0-B756-8D93A3C5AF79}.Release|x86.Build.0 = Release|Any CPU
		{84B7BDA9-2C85-4505-96E5-D050A48EEB58}.Debug|Any CPU.ActiveCfg = Debug|Any CPU
		{84B7BDA9-2C85-4505-96E5-D050A48EEB58}.Debug|Any CPU.Build.0 = Debug|Any CPU
		{84B7BDA9-2C85-4505-96E5-D050A48EEB58}.Debug|ARM.ActiveCfg = Debug|Any CPU
		{84B7BDA9-2C85-4505-96E5-D050A48EEB58}.Debug|ARM.Build.0 = Debug|Any CPU
		{84B7BDA9-2C85-4505-96E5-D050A48EEB58}.Debug|ARM64.ActiveCfg = Debug|Any CPU
		{84B7BDA9-2C85-4505-96E5-D050A48EEB58}.Debug|ARM64.Build.0 = Debug|Any CPU
		{84B7BDA9-2C85-4505-96E5-D050A48EEB58}.Debug|x64.ActiveCfg = Debug|Any CPU
		{84B7BDA9-2C85-4505-96E5-D050A48EEB58}.Debug|x64.Build.0 = Debug|Any CPU
		{84B7BDA9-2C85-4505-96E5-D050A48EEB58}.Debug|x86.ActiveCfg = Debug|Any CPU
		{84B7BDA9-2C85-4505-96E5-D050A48EEB58}.Debug|x86.Build.0 = Debug|Any CPU
		{84B7BDA9-2C85-4505-96E5-D050A48EEB58}.Release|Any CPU.ActiveCfg = Release|Any CPU
		{84B7BDA9-2C85-4505-96E5-D050A48EEB58}.Release|Any CPU.Build.0 = Release|Any CPU
		{84B7BDA9-2C85-4505-96E5-D050A48EEB58}.Release|ARM.ActiveCfg = Release|Any CPU
		{84B7BDA9-2C85-4505-96E5-D050A48EEB58}.Release|ARM.Build.0 = Release|Any CPU
		{84B7BDA9-2C85-4505-96E5-D050A48EEB58}.Release|ARM64.ActiveCfg = Release|Any CPU
		{84B7BDA9-2C85-4505-96E5-D050A48EEB58}.Release|ARM64.Build.0 = Release|Any CPU
		{84B7BDA9-2C85-4505-96E5-D050A48EEB58}.Release|x64.ActiveCfg = Release|Any CPU
		{84B7BDA9-2C85-4505-96E5-D050A48EEB58}.Release|x64.Build.0 = Release|Any CPU
		{84B7BDA9-2C85-4505-96E5-D050A48EEB58}.Release|x86.ActiveCfg = Release|Any CPU
		{84B7BDA9-2C85-4505-96E5-D050A48EEB58}.Release|x86.Build.0 = Release|Any CPU
		{8462ECF0-F03B-4A2E-8FA2-7315F388B785}.Debug|Any CPU.ActiveCfg = Debug|Any CPU
		{8462ECF0-F03B-4A2E-8FA2-7315F388B785}.Debug|Any CPU.Build.0 = Debug|Any CPU
		{8462ECF0-F03B-4A2E-8FA2-7315F388B785}.Debug|ARM.ActiveCfg = Debug|Any CPU
		{8462ECF0-F03B-4A2E-8FA2-7315F388B785}.Debug|ARM.Build.0 = Debug|Any CPU
		{8462ECF0-F03B-4A2E-8FA2-7315F388B785}.Debug|ARM64.ActiveCfg = Debug|Any CPU
		{8462ECF0-F03B-4A2E-8FA2-7315F388B785}.Debug|ARM64.Build.0 = Debug|Any CPU
		{8462ECF0-F03B-4A2E-8FA2-7315F388B785}.Debug|x64.ActiveCfg = Debug|Any CPU
		{8462ECF0-F03B-4A2E-8FA2-7315F388B785}.Debug|x64.Build.0 = Debug|Any CPU
		{8462ECF0-F03B-4A2E-8FA2-7315F388B785}.Debug|x86.ActiveCfg = Debug|Any CPU
		{8462ECF0-F03B-4A2E-8FA2-7315F388B785}.Debug|x86.Build.0 = Debug|Any CPU
		{8462ECF0-F03B-4A2E-8FA2-7315F388B785}.Release|Any CPU.ActiveCfg = Release|Any CPU
		{8462ECF0-F03B-4A2E-8FA2-7315F388B785}.Release|Any CPU.Build.0 = Release|Any CPU
		{8462ECF0-F03B-4A2E-8FA2-7315F388B785}.Release|ARM.ActiveCfg = Release|Any CPU
		{8462ECF0-F03B-4A2E-8FA2-7315F388B785}.Release|ARM.Build.0 = Release|Any CPU
		{8462ECF0-F03B-4A2E-8FA2-7315F388B785}.Release|ARM64.ActiveCfg = Release|Any CPU
		{8462ECF0-F03B-4A2E-8FA2-7315F388B785}.Release|ARM64.Build.0 = Release|Any CPU
		{8462ECF0-F03B-4A2E-8FA2-7315F388B785}.Release|x64.ActiveCfg = Release|Any CPU
		{8462ECF0-F03B-4A2E-8FA2-7315F388B785}.Release|x64.Build.0 = Release|Any CPU
		{8462ECF0-F03B-4A2E-8FA2-7315F388B785}.Release|x86.ActiveCfg = Release|Any CPU
		{8462ECF0-F03B-4A2E-8FA2-7315F388B785}.Release|x86.Build.0 = Release|Any CPU
		{E6332F95-9E2F-481F-B759-7A96A3237420}.Debug|Any CPU.ActiveCfg = Debug|Any CPU
		{E6332F95-9E2F-481F-B759-7A96A3237420}.Debug|Any CPU.Build.0 = Debug|Any CPU
		{E6332F95-9E2F-481F-B759-7A96A3237420}.Debug|ARM.ActiveCfg = Debug|Any CPU
		{E6332F95-9E2F-481F-B759-7A96A3237420}.Debug|ARM.Build.0 = Debug|Any CPU
		{E6332F95-9E2F-481F-B759-7A96A3237420}.Debug|ARM64.ActiveCfg = Debug|Any CPU
		{E6332F95-9E2F-481F-B759-7A96A3237420}.Debug|ARM64.Build.0 = Debug|Any CPU
		{E6332F95-9E2F-481F-B759-7A96A3237420}.Debug|x64.ActiveCfg = Debug|Any CPU
		{E6332F95-9E2F-481F-B759-7A96A3237420}.Debug|x64.Build.0 = Debug|Any CPU
		{E6332F95-9E2F-481F-B759-7A96A3237420}.Debug|x86.ActiveCfg = Debug|Any CPU
		{E6332F95-9E2F-481F-B759-7A96A3237420}.Debug|x86.Build.0 = Debug|Any CPU
		{E6332F95-9E2F-481F-B759-7A96A3237420}.Release|Any CPU.ActiveCfg = Release|Any CPU
		{E6332F95-9E2F-481F-B759-7A96A3237420}.Release|Any CPU.Build.0 = Release|Any CPU
		{E6332F95-9E2F-481F-B759-7A96A3237420}.Release|ARM.ActiveCfg = Release|Any CPU
		{E6332F95-9E2F-481F-B759-7A96A3237420}.Release|ARM.Build.0 = Release|Any CPU
		{E6332F95-9E2F-481F-B759-7A96A3237420}.Release|ARM64.ActiveCfg = Release|Any CPU
		{E6332F95-9E2F-481F-B759-7A96A3237420}.Release|ARM64.Build.0 = Release|Any CPU
		{E6332F95-9E2F-481F-B759-7A96A3237420}.Release|x64.ActiveCfg = Release|Any CPU
		{E6332F95-9E2F-481F-B759-7A96A3237420}.Release|x64.Build.0 = Release|Any CPU
		{E6332F95-9E2F-481F-B759-7A96A3237420}.Release|x86.ActiveCfg = Release|Any CPU
		{E6332F95-9E2F-481F-B759-7A96A3237420}.Release|x86.Build.0 = Release|Any CPU
	EndGlobalSection
	GlobalSection(SolutionProperties) = preSolution
		HideSolutionNode = FALSE
	EndGlobalSection
	GlobalSection(ExtensibilityGlobals) = postSolution
		SolutionGuid = {30B8EC65-1FED-4637-B636-8B0B14888D98}
	EndGlobalSection
EndGlobal
